
Microsoft Visual Studio Solution File, Format Version 12.00
# Visual Studio Version 17
VisualStudioVersion = 17.14.37328.6 d17.14
MinimumVisualStudioVersion = 10.0.40219.1
Project("{FAE04EC0-301F-11D3-BF4B-00C04F79EFBC}") = "GameLibrary.DotNet", "GameLibrary.DotNet.csproj", "{B280A99B-4C5F-47FD-A742-949D85653417}"
EndProject
Global
	GlobalSection(SolutionConfigurationPlatforms) = preSolution
		Debug|Any CPU = Debug|Any CPU
		Release|Any CPU = Release|Any CPU
	EndGlobalSection
	GlobalSection(ProjectConfigurationPlatforms) = postSolution
		{B280A99B-4C5F-47FD-A742-949D85653417}.Debug|Any CPU.ActiveCfg = Debug|Any CPU
		{B280A99B-4C5F-47FD-A742-949D85653417}.Debug|Any CPU.Build.0 = Debug|Any CPU
		{B280A99B-4C5F-47FD-A742-949D85653417}.Release|Any CPU.ActiveCfg = Release|Any CPU
		{B280A99B-4C5F-47FD-A742-949D85653417}.Release|Any CPU.Build.0 = Release|Any CPU
	EndGlobalSection
	GlobalSection(SolutionProperties) = preSolution
		HideSolutionNode = FALSE
	EndGlobalSection
	GlobalSection(ExtensibilityGlobals) = postSolution
		SolutionGuid = {67FE3A5E-77A2-4E0B-ACA0-7755E70A1128}
	EndGlobalSection
EndGlobal
